
Microsoft Visual Studio Solution File, Format Version 12.00
# Visual Studio Version 17
VisualStudioVersion = 17.0.31903.59
MinimumVisualStudioVersion = 10.0.40219.1
Project("{2150E333-8FDC-42A3-9474-1A3956D46DE8}") = "src", "src", "{827E0CD3-B72D-47B6-A68D-7590B98EB39B}"
EndProject
Project("{FAE04EC0-301F-11D3-BF4B-00C04F79EFBC}") = "InterviewPrepApp.Domain", "src\InterviewPrepApp.Domain\InterviewPrepApp.Domain.csproj", "{A0CBA4D1-269B-4AB5-8C2A-23F2A0453A25}"
EndProject
Project("{FAE04EC0-301F-11D3-BF4B-00C04F79EFBC}") = "InterviewPrepApp.Application", "src\InterviewPrepApp.Application\InterviewPrepApp.Application.csproj", "{FD84E2D6-4F52-42DD-A2AA-D5A926119C78}"
EndProject
Project("{FAE04EC0-301F-11D3-BF4B-00C04F79EFBC}") = "InterviewPrepApp.Infrastructure", "src\InterviewPrepApp.Infrastructure\InterviewPrepApp.Infrastructure.csproj", "{AB7DCA75-258D-4724-889C-031EB772ADAD}"
EndProject
Project("{FAE04EC0-301F-11D3-BF4B-00C04F79EFBC}") = "InterviewPrepApp.Api", "src\InterviewPrepApp.Api\InterviewPrepApp.Api.csproj", "{82D81AB5-167C-40B8-8C3A-D4B2AC0141E0}"
EndProject
Global
	GlobalSection(SolutionConfigurationPlatforms) = preSolution
		Debug|Any CPU = Debug|Any CPU
		Debug|x64 = Debug|x64
		Debug|x86 = Debug|x86
		Release|Any CPU = Release|Any CPU
		Release|x64 = Release|x64
		Release|x86 = Release|x86
	EndGlobalSection
	GlobalSection(ProjectConfigurationPlatforms) = postSolution
		{A0CBA4D1-269B-4AB5-8C2A-23F2A0453A25}.Debug|Any CPU.ActiveCfg = Debug|Any CPU
		{A0CBA4D1-269B-4AB5-8C2A-23F2A0453A25}.Debug|Any CPU.Build.0 = Debug|Any CPU
		{A0CBA4D1-269B-4AB5-8C2A-23F2A0453A25}.Debug|x64.ActiveCfg = Debug|Any CPU
		{A0CBA4D1-269B-4AB5-8C2A-23F2A0453A25}.Debug|x64.Build.0 = Debug|Any CPU
		{A0CBA4D1-269B-4AB5-8C2A-23F2A0453A25}.Debug|x86.ActiveCfg = Debug|Any CPU
		{A0CBA4D1-269B-4AB5-8C2A-23F2A0453A25}.Debug|x86.Build.0 = Debug|Any CPU
		{A0CBA4D1-269B-4AB5-8C2A-23F2A0453A25}.Release|Any CPU.ActiveCfg = Release|Any CPU
		{A0CBA4D1-269B-4AB5-8C2A-23F2A0453A25}.Release|Any CPU.Build.0 = Release|Any CPU
		{A0CBA4D1-269B-4AB5-8C2A-23F2A0453A25}.Release|x64.ActiveCfg = Release|Any CPU
		{A0CBA4D1-269B-4AB5-8C2A-23F2A0453A25}.Release|x64.Build.0 = Release|Any CPU
		{A0CBA4D1-269B-4AB5-8C2A-23F2A0453A25}.Release|x86.ActiveCfg = Release|Any CPU
		{A0CBA4D1-269B-4AB5-8C2A-23F2A0453A25}.Release|x86.Build.0 = Release|Any CPU
		{FD84E2D6-4F52-42DD-A2AA-D5A926119C78}.Debug|Any CPU.ActiveCfg = Debug|Any CPU
		{FD84E2D6-4F52-42DD-A2AA-D5A926119C78}.Debug|Any CPU.Build.0 = Debug|Any CPU
		{FD84E2D6-4F52-42DD-A2AA-D5A926119C78}.Debug|x64.ActiveCfg = Debug|Any CPU
		{FD84E2D6-4F52-42DD-A2AA-D5A926119C78}.Debug|x64.Build.0 = Debug|Any CPU
		{FD84E2D6-4F52-42DD-A2AA-D5A926119C78}.Debug|x86.ActiveCfg = Debug|Any CPU
		{FD84E2D6-4F52-42DD-A2AA-D5A926119C78}.Debug|x86.Build.0 = Debug|Any CPU
		{FD84E2D6-4F52-42DD-A2AA-D5A926119C78}.Release|Any CPU.ActiveCfg = Release|Any CPU
		{FD84E2D6-4F52-42DD-A2AA-D5A926119C78}.Release|Any CPU.Build.0 = Release|Any CPU
		{FD84E2D6-4F52-42DD-A2AA-D5A926119C78}.Release|x64.ActiveCfg = Release|Any CPU
		{FD84E2D6-4F52-42DD-A2AA-D5A926119C78}.Release|x64.Build.0 = Release|Any CPU
		{FD84E2D6-4F52-42DD-A2AA-D5A926119C78}.Release|x86.ActiveCfg = Release|Any CPU
		{FD84E2D6-4F52-42DD-A2AA-D5A926119C78}.Release|x86.Build.0 = Release|Any CPU
		{AB7DCA75-258D-4724-889C-031EB772ADAD}.Debug|Any CPU.ActiveCfg = Debug|Any CPU
		{AB7DCA75-258D-4724-889C-031EB772ADAD}.Debug|Any CPU.Build.0 = Debug|Any CPU
		{AB7DCA75-258D-4724-889C-031EB772ADAD}.Debug|x64.ActiveCfg = Debug|Any CPU
		{AB7DCA75-258D-4724-889C-031EB772ADAD}.Debug|x64.Build.0 = Debug|Any CPU
		{AB7DCA75-258D-4724-889C-031EB772ADAD}.Debug|x86.ActiveCfg = Debug|Any CPU
		{AB7DCA75-258D-4724-889C-031EB772ADAD}.Debug|x86.Build.0 = Debug|Any CPU
		{AB7DCA75-258D-4724-889C-031EB772ADAD}.Release|Any CPU.ActiveCfg = Release|Any CPU
		{AB7DCA75-258D-4724-889C-031EB772ADAD}.Release|Any CPU.Build.0 = Release|Any CPU
		{AB7DCA75-258D-4724-889C-031EB772ADAD}.Release|x64.ActiveCfg = Release|Any CPU
		{AB7DCA75-258D-4724-889C-031EB772ADAD}.Release|x64.Build.0 = Release|Any CPU
		{AB7DCA75-258D-4724-889C-031EB772ADAD}.Release|x86.ActiveCfg = Release|Any CPU
		{AB7DCA75-258D-4724-889C-031EB772ADAD}.Release|x86.Build.0 = Release|Any CPU
		{82D81AB5-167C-40B8-8C3A-D4B2AC0141E0}.Debug|Any CPU.ActiveCfg = Debug|Any CPU
		{82D81AB5-167C-40B8-8C3A-D4B2AC0141E0}.Debug|Any CPU.Build.0 = Debug|Any CPU
		{82D81AB5-167C-40B8-8C3A-D4B2AC0141E0}.Debug|x64.ActiveCfg = Debug|Any CPU
		{82D81AB5-167C-40B8-8C3A-D4B2AC0141E0}.Debug|x64.Build.0 = Debug|Any CPU
		{82D81AB5-167C-40B8-8C3A-D4B2AC0141E0}.Debug|x86.ActiveCfg = Debug|Any CPU
		{82D81AB5-167C-40B8-8C3A-D4B2AC0141E0}.Debug|x86.Build.0 = Debug|Any CPU
		{82D81AB5-167C-40B8-8C3A-D4B2AC0141E0}.Release|Any CPU.ActiveCfg = Release|Any CPU
		{82D81AB5-167C-40B8-8C3A-D4B2AC0141E0}.Release|Any CPU.Build.0 = Release|Any CPU
		{82D81AB5-167C-40B8-8C3A-D4B2AC0141E0}.Release|x64.ActiveCfg = Release|Any CPU
		{82D81AB5-167C-40B8-8C3A-D4B2AC0141E0}.Release|x64.Build.0 = Release|Any CPU
		{82D81AB5-167C-40B8-8C3A-D4B2AC0141E0}.Release|x86.ActiveCfg = Release|Any CPU
		{82D81AB5-167C-40B8-8C3A-D4B2AC0141E0}.Release|x86.Build.0 = Release|Any CPU
	EndGlobalSection
	GlobalSection(SolutionProperties) = preSolution
		HideSolutionNode = FALSE
	EndGlobalSection
	GlobalSection(NestedProjects) = preSolution
		{A0CBA4D1-269B-4AB5-8C2A-23F2A0453A25} = {827E0CD3-B72D-47B6-A68D-7590B98EB39B}
		{FD84E2D6-4F52-42DD-A2AA-D5A926119C78} = {827E0CD3-B72D-47B6-A68D-7590B98EB39B}
		{AB7DCA75-258D-4724-889C-031EB772ADAD} = {827E0CD3-B72D-47B6-A68D-7590B98EB39B}
		{82D81AB5-167C-40B8-8C3A-D4B2AC0141E0} = {827E0CD3-B72D-47B6-A68D-7590B98EB39B}
	EndGlobalSection
EndGlobal
